{
  "name": "vue-cuba-entity-list",
  "version": "0.1.0",
  "lockfileVersion": 1,
  "requires": true,
  "dependencies": {
    "@cuba-platform/rest": {
      "version": "0.3.0",
      "resolved": "https://registry.npmjs.org/@cuba-platform/rest/-/rest-0.3.0.tgz",
      "integrity": "sha512-cQqCSNkkjF+FlxtDwzMDpP5ZfZ/vCvxKSoDHNSyUAEqhCS3FWtpWZiHrXRPg3AmGPN0d0jnyk+YFVLo094aRUw=="
    },
    "vue-cuba-app": {
      "version": "0.1.2",
      "resolved": "https://registry.npmjs.org/vue-cuba-app/-/vue-cuba-app-0.1.2.tgz",
      "integrity": "sha512-SmZ6rr70H4lxfxji4OcfBedNd+CDubAjtcY3uswK0026XDNUzQJnivVJFDaUhwtmqDprrVDl0oVLNKxPwpzyOQ==",
      "requires": {
        "@cuba-platform/rest": "0.3.0"
      }
    }
  }
}
